// !$*UTF8*$!
{
	archiveVersion = 1;
	classes = {
	};
	objectVersion = 77;
	objects = {

/* Begin PBXContainerItemProxy section */
		6B3D69932CA2226D0022B855 /* PBXContainerItemProxy */ = {
			isa = PBXContainerItemProxy;
			containerPortal = 6B3D697A2CA2226B0022B855 /* Project object */;
			proxyType = 1;
			remoteGlobalIDString = 6B3D69812CA2226B0022B855;
			remoteInfo = "flickr-code-challenge";
		};
		6B3D699D2CA2226D0022B855 /* PBXContainerItemProxy */ = {
			isa = PBXContainerItemProxy;
			containerPortal = 6B3D697A2CA2226B0022B855 /* Project object */;
			proxyType = 1;
			remoteGlobalIDString = 6B3D69812CA2226B0022B855;
			remoteInfo = "flickr-code-challenge";
		};
/* End PBXContainerItemProxy section */

/* Begin PBXFileReference section */
		6B3D69822CA2226B0022B855 /* flickr-code-challenge.app */ = {isa = PBXFileReference; explicitFileType = wrapper.application; includeInIndex = 0; path = "flickr-code-challenge.app"; sourceTree = BUILT_PRODUCTS_DIR; };
		6B3D69922CA2226D0022B855 /* flickr-code-challengeTests.xctest */ = {isa = PBXFileReference; explicitFileType = wrapper.cfbundle; includeInIndex = 0; path = "flickr-code-challengeTests.xctest"; sourceTree = BUILT_PRODUCTS_DIR; };
		6B3D699C2CA2226D0022B855 /* flickr-code-challengeUITests.xctest */ = {isa = PBXFileReference; explicitFileType = wrapper.cfbundle; includeInIndex = 0; path = "flickr-code-challengeUITests.xctest"; sourceTree = BUILT_PRODUCTS_DIR; };
/* End PBXFileReference section */

/* Begin PBXFileSystemSynchronizedRootGroup section */
		6B3D69842CA2226B0022B855 /* flickr-code-challenge */ = {
			isa = PBXFileSystemSynchronizedRootGroup;
			path = "flickr-code-challenge";
			sourceTree = "<group>";
		};
		6B3D69952CA2226D0022B855 /* flickr-code-challengeTests */ = {
			isa = PBXFileSystemSynchronizedRootGroup;
			path = "flickr-code-challengeTests";
			sourceTree = "<group>";
		};
		6B3D699F2CA2226D0022B855 /* flickr-code-challengeUITests */ = {
			isa = PBXFileSystemSynchronizedRootGroup;
			path = "flickr-code-challengeUITests";
			sourceTree = "<group>";
		};
/* End PBXFileSystemSynchronizedRootGroup section */

/* Begin PBXFrameworksBuildPhase section */
		6B3D697F2CA2226B0022B855 /* Frameworks */ = {
			isa = PBXFrameworksBuildPhase;
			buildActionMask = 2147483647;
			files = (
			);
			runOnlyForDeploymentPostprocessing = 0;
		};
		6B3D698F2CA2226D0022B855 /* Frameworks */ = {
			isa = PBXFrameworksBuildPhase;
			buildActionMask = 2147483647;
			files = (
			);
			runOnlyForDeploymentPostprocessing = 0;
		};
		6B3D69992CA2226D0022B855 /* Frameworks */ = {
			isa = PBXFrameworksBuildPhase;
			buildActionMask = 2147483647;
			files = (
			);
			runOnlyForDeploymentPostprocessing = 0;
		};
/* End PBXFrameworksBuildPhase section */

/* Begin PBXGroup section */
		6B3D69792CA2226B0022B855 = {
			isa = PBXGroup;
			children = (
				6B3D69842CA2226B0022B855 /* flickr-code-challenge */,
				6B3D69952CA2226D0022B855 /* flickr-code-challengeTests */,
				6B3D699F2CA2226D0022B855 /* flickr-code-challengeUITests */,
				6B3D69832CA2226B0022B855 /* Products */,
			);
			sourceTree = "<group>";
		};
		6B3D69832CA2226B0022B855 /* Products */ = {
			isa = PBXGroup;
			children = (
				6B3D69822CA2226B0022B855 /* flickr-code-challenge.app */,
				6B3D69922CA2226D0022B855 /* flickr-code-challengeTests.xctest */,
				6B3D699C2CA2226D0022B855 /* flickr-code-challengeUITests.xctest */,
			);
			name = Products;
			sourceTree = "<group>";
		};
/* End PBXGroup section */

/* Begin PBXNativeTarget section */
		6B3D69812CA2226B0022B855 /* flickr-code-challenge */ = {
			isa = PBXNativeTarget;
			buildConfigurationList = 6B3D69A62CA2226D0022B855 /* Build configuration list for PBXNativeTarget "flickr-code-challenge" */;
			buildPhases = (
				6B3D697E2CA2226B0022B855 /* Sources */,
				6B3D697F2CA2226B0022B855 /* Frameworks */,
				6B3D69802CA2226B0022B855 /* Resources */,
			);
			buildRules = (
			);
			dependencies = (
			);
			fileSystemSynchronizedGroups = (
				6B3D69842CA2226B0022B855 /* flickr-code-challenge */,
			);
			name = "flickr-code-challenge";
			packageProductDependencies = (
			);
			productName = "flickr-code-challenge";
			productReference = 6B3D69822CA2226B0022B855 /* flickr-code-challenge.app */;
			productType = "com.apple.product-type.application";
		};
		6B3D69912CA2226D0022B855 /* flickr-code-challengeTests */ = {
			isa = PBXNativeTarget;
			buildConfigurationList = 6B3D69A92CA2226D0022B855 /* Build configuration list for PBXNativeTarget "flickr-code-challengeTests" */;
			buildPhases = (
				6B3D698E2CA2226D0022B855 /* Sources */,
				6B3D698F2CA2226D0022B855 /* Frameworks */,
				6B3D69902CA2226D0022B855 /* Resources */,
			);
			buildRules = (
			);
			dependencies = (
				6B3D69942CA2226D0022B855 /* PBXTargetDependency */,
			);
			fileSystemSynchronizedGroups = (
				6B3D69952CA2226D0022B855 /* flickr-code-challengeTests */,
			);
			name = "flickr-code-challengeTests";
			packageProductDependencies = (
			);
			productName = "flickr-code-challengeTests";
			productReference = 6B3D69922CA2226D0022B855 /* flickr-code-challengeTests.xctest */;
			productType = "com.apple.product-type.bundle.unit-test";
		};
		6B3D699B2CA2226D0022B855 /* flickr-code-challengeUITests */ = {
			isa = PBXNativeTarget;
			buildConfigurationList = 6B3D69AC2CA2226D0022B855 /* Build configuration list for PBXNativeTarget "flickr-code-challengeUITests" */;
			buildPhases = (
				6B3D69982CA2226D0022B855 /* Sources */,
				6B3D69992CA2226D0022B855 /* Frameworks */,
				6B3D699A2CA2226D0022B855 /* Resources */,
			);
			buildRules = (
			);
			dependencies = (
				6B3D699E2CA2226D0022B855 /* PBXTargetDependency */,
			);
			fileSystemSynchronizedGroups = (
				6B3D699F2CA2226D0022B855 /* flickr-code-challengeUITests */,
			);
			name = "flickr-code-challengeUITests";
			packageProductDependencies = (
			);
			productName = "flickr-code-challengeUITests";
			productReference = 6B3D699C2CA2226D0022B855 /* flickr-code-challengeUITests.xctest */;
			productType = "com.apple.product-type.bundle.ui-testing";
		};
/* End PBXNativeTarget section */

/* Begin PBXProject section */
		6B3D697A2CA2226B0022B855 /* Project object */ = {
			isa = PBXProject;
			attributes = {
				BuildIndependentTargetsInParallel = 1;
				LastSwiftUpdateCheck = 1600;
				LastUpgradeCheck = 1600;
				TargetAttributes = {
					6B3D69812CA2226B0022B855 = {
						CreatedOnToolsVersion = 16.0;
					};
					6B3D69912CA2226D0022B855 = {
						CreatedOnToolsVersion = 16.0;
						TestTargetID = 6B3D69812CA2226B0022B855;
					};
					6B3D699B2CA2226D0022B855 = {
						CreatedOnToolsVersion = 16.0;
						TestTargetID = 6B3D69812CA2226B0022B855;
					};
				};
			};
			buildConfigurationList = 6B3D697D2CA2226B0022B855 /* Build configuration list for PBXProject "flickr-code-challenge" */;
			developmentRegion = en;
			hasScannedForEncodings = 0;
			knownRegions = (
				en,
				Base,
			);
			mainGroup = 6B3D69792CA2226B0022B855;
			minimizedProjectReferenceProxies = 1;
			preferredProjectObjectVersion = 77;
			productRefGroup = 6B3D69832CA2226B0022B855 /* Products */;
			projectDirPath = "";
			projectRoot = "";
			targets = (
				6B3D69812CA2226B0022B855 /* flickr-code-challenge */,
				6B3D69912CA2226D0022B855 /* flickr-code-challengeTests */,
				6B3D699B2CA2226D0022B855 /* flickr-code-challengeUITests */,
			);
		};
/* End PBXProject section */

/* Begin PBXResourcesBuildPhase section */
		6B3D69802CA2226B0022B855 /* Resources */ = {
			isa = PBXResourcesBuildPhase;
			buildActionMask = 2147483647;
			files = (
			);
			runOnlyForDeploymentPostprocessing = 0;
		};
		6B3D69902CA2226D0022B855 /* Resources */ = {
			isa = PBXResourcesBuildPhase;
			buildActionMask = 2147483647;
			files = (
			);
			runOnlyForDeploymentPostprocessing = 0;
		};
		6B3D699A2CA2226D0022B855 /* Resources */ = {
			isa = PBXResourcesBuildPhase;
			buildActionMask = 2147483647;
			files = (
			);
			runOnlyForDeploymentPostprocessing = 0;
		};
/* End PBXResourcesBuildPhase section */

/* Begin PBXSourcesBuildPhase section */
		6B3D697E2CA2226B0022B855 /* Sources */ = {
			isa = PBXSourcesBuildPhase;
			buildActionMask = 2147483647;
			files = (
			);
			runOnlyForDeploymentPostprocessing = 0;
		};
		6B3D698E2CA2226D0022B855 /* Sources */ = {
			isa = PBXSourcesBuildPhase;
			buildActionMask = 2147483647;
			files = (
			);
			runOnlyForDeploymentPostprocessing = 0;
		};
		6B3D69982CA2226D0022B855 /* Sources */ = {
			isa = PBXSourcesBuildPhase;
			buildActionMask = 2147483647;
			files = (
			);
			runOnlyForDeploymentPostprocessing = 0;
		};
/* End PBXSourcesBuildPhase section */

/* Begin PBXTargetDependency section */
		6B3D69942CA2226D0022B855 /* PBXTargetDependency */ = {
			isa = PBXTargetDependency;
			target = 6B3D69812CA2226B0022B855 /* flickr-code-challenge */;
			targetProxy = 6B3D69932CA2226D0022B855 /* PBXContainerItemProxy */;
		};
		6B3D699E2CA2226D0022B855 /* PBXTargetDependency */ = {
			isa = PBXTargetDependency;
			target = 6B3D69812CA2226B0022B855 /* flickr-code-challenge */;
			targetProxy = 6B3D699D2CA2226D0022B855 /* PBXContainerItemProxy */;
		};
/* End PBXTargetDependency section */

/* Begin XCBuildConfiguration section */
		6B3D69A42CA2226D0022B855 /* Debug */ = {
			isa = XCBuildConfiguration;
			buildSettings = {
				ALWAYS_SEARCH_USER_PATHS = NO;
				ASSETCATALOG_COMPILER_GENERATE_SWIFT_ASSET_SYMBOL_EXTENSIONS = YES;
				CLANG_ANALYZER_NONNULL = YES;
				CLANG_ANALYZER_NUMBER_OBJECT_CONVERSION = YES_AGGRESSIVE;
				CLANG_CXX_LANGUAGE_STANDARD = "gnu++20";
				CLANG_ENABLE_MODULES = YES;
				CLANG_ENABLE_OBJC_ARC = YES;
				CLANG_ENABLE_OBJC_WEAK = YES;
				CLANG_WARN_BLOCK_CAPTURE_AUTORELEASING = YES;
				CLANG_WARN_BOOL_CONVERSION = YES;
				CLANG_WARN_COMMA = YES;
				CLANG_WARN_CONSTANT_CONVERSION = YES;
				CLANG_WARN_DEPRECATED_OBJC_IMPLEMENTATIONS = YES;
				CLANG_WARN_DIRECT_OBJC_ISA_USAGE = YES_ERROR;
				CLANG_WARN_DOCUMENTATION_COMMENTS = YES;
				CLANG_WARN_EMPTY_BODY = YES;
				CLANG_WARN_ENUM_CONVERSION = YES;
				CLANG_WARN_INFINITE_RECURSION = YES;
				CLANG_WARN_INT_CONVERSION = YES;
				CLANG_WARN_NON_LITERAL_NULL_CONVERSION = YES;
				CLANG_WARN_OBJC_IMPLICIT_RETAIN_SELF = YES;
				CLANG_WARN_OBJC_LITERAL_CONVERSION = YES;
				CLANG_WARN_OBJC_ROOT_CLASS = YES_ERROR;
				CLANG_WARN_QUOTED_INCLUDE_IN_FRAMEWORK_HEADER = YES;
				CLANG_WARN_RANGE_LOOP_ANALYSIS = YES;
				CLANG_WARN_STRICT_PROTOTYPES = YES;
				CLANG_WARN_SUSPICIOUS_MOVE = YES;
				CLANG_WARN_UNGUARDED_AVAILABILITY = YES_AGGRESSIVE;
				CLANG_WARN_UNREACHABLE_CODE = YES;
				CLANG_WARN__DUPLICATE_METHOD_MATCH = YES;
				COPY_PHASE_STRIP = NO;
				DEBUG_INFORMATION_FORMAT = dwarf;
				ENABLE_STRICT_OBJC_MSGSEND = YES;
				ENABLE_TESTABILITY = YES;
				ENABLE_USER_SCRIPT_SANDBOXING = YES;
				GCC_C_LANGUAGE_STANDARD = gnu17;
				GCC_DYNAMIC_NO_PIC = NO;
				GCC_NO_COMMON_BLOCKS = YES;
				GCC_OPTIMIZATION_LEVEL = 0;
				GCC_PREPROCESSOR_DEFINITIONS = (
					"DEBUG=1",
					"$(inherited)",
				);
				GCC_WARN_64_TO_32_BIT_CONVERSION = YES;
				GCC_WARN_ABOUT_RETURN_TYPE = YES_ERROR;
				GCC_WARN_UNDECLARED_SELECTOR = YES;
				GCC_WARN_UNINITIALIZED_AUTOS = YES_AGGRESSIVE;
				GCC_WARN_UNUSED_FUNCTION = YES;
				GCC_WARN_UNUSED_VARIABLE = YES;
				IPHONEOS_DEPLOYMENT_TARGET = 18.0;
				LOCALIZATION_PREFERS_STRING_CATALOGS = YES;
				MTL_ENABLE_DEBUG_INFO = INCLUDE_SOURCE;
				MTL_FAST_MATH = YES;
				ONLY_ACTIVE_ARCH = YES;
				SDKROOT = iphoneos;
				SWIFT_ACTIVE_COMPILATION_CONDITIONS = "DEBUG $(inherited)";
				SWIFT_OPTIMIZATION_LEVEL = "-Onone";
			};
			name = Debug;
		};
		6B3D69A52CA2226D0022B855 /* Release */ = {
			isa = XCBuildConfiguration;
			buildSettings = {
				ALWAYS_SEARCH_USER_PATHS = NO;
				ASSETCATALOG_COMPILER_GENERATE_SWIFT_ASSET_SYMBOL_EXTENSIONS = YES;
				CLANG_ANALYZER_NONNULL = YES;
				CLANG_ANALYZER_NUMBER_OBJECT_CONVERSION = YES_AGGRESSIVE;
				CLANG_CXX_LANGUAGE_STANDARD = "gnu++20";
				CLANG_ENABLE_MODULES = YES;
				CLANG_ENABLE_OBJC_ARC = YES;
				CLANG_ENABLE_OBJC_WEAK = YES;
				CLANG_WARN_BLOCK_CAPTURE_AUTORELEASING = YES;
				CLANG_WARN_BOOL_CONVERSION = YES;
				CLANG_WARN_COMMA = YES;
				CLANG_WARN_CONSTANT_CONVERSION = YES;
				CLANG_WARN_DEPRECATED_OBJC_IMPLEMENTATIONS = YES;
				CLANG_WARN_DIRECT_OBJC_ISA_USAGE = YES_ERROR;
				CLANG_WARN_DOCUMENTATION_COMMENTS = YES;
				CLANG_WARN_EMPTY_BODY = YES;
				CLANG_WARN_ENUM_CONVERSION = YES;
				CLANG_WARN_INFINITE_RECURSION = YES;
				CLANG_WARN_INT_CONVERSION = YES;
				CLANG_WARN_NON_LITERAL_NULL_CONVERSION = YES;
				CLANG_WARN_OBJC_IMPLICIT_RETAIN_SELF = YES;
				CLANG_WARN_OBJC_LITERAL_CONVERSION = YES;
				CLANG_WARN_OBJC_ROOT_CLASS = YES_ERROR;
				CLANG_WARN_QUOTED_INCLUDE_IN_FRAMEWORK_HEADER = YES;
				CLANG_WARN_RANGE_LOOP_ANALYSIS = YES;
				CLANG_WARN_STRICT_PROTOTYPES = YES;
				CLANG_WARN_SUSPICIOUS_MOVE = YES;
				CLANG_WARN_UNGUARDED_AVAILABILITY = YES_AGGRESSIVE;
				CLANG_WARN_UNREACHABLE_CODE = YES;
				CLANG_WARN__DUPLICATE_METHOD_MATCH = YES;
				COPY_PHASE_STRIP = NO;
				DEBUG_INFORMATION_FORMAT = "dwarf-with-dsym";
				ENABLE_NS_ASSERTIONS = NO;
				ENABLE_STRICT_OBJC_MSGSEND = YES;
				ENABLE_USER_SCRIPT_SANDBOXING = YES;
				GCC_C_LANGUAGE_STANDARD = gnu17;
				GCC_NO_COMMON_BLOCKS = YES;
				GCC_WARN_64_TO_32_BIT_CONVERSION = YES;
				GCC_WARN_ABOUT_RETURN_TYPE = YES_ERROR;
				GCC_WARN_UNDECLARED_SELECTOR = YES;
				GCC_WARN_UNINITIALIZED_AUTOS = YES_AGGRESSIVE;
				GCC_WARN_UNUSED_FUNCTION = YES;
				GCC_WARN_UNUSED_VARIABLE = YES;
				IPHONEOS_DEPLOYMENT_TARGET = 18.0;
				LOCALIZATION_PREFERS_STRING_CATALOGS = YES;
				MTL_ENABLE_DEBUG_INFO = NO;
				MTL_FAST_MATH = YES;
				SDKROOT = iphoneos;
				SWIFT_COMPILATION_MODE = wholemodule;
				VALIDATE_PRODUCT = YES;
			};
			name = Release;
		};
		6B3D69A72CA2226D0022B855 /* Debug */ = {
			isa = XCBuildConfiguration;
			buildSettings = {
				ASSETCATALOG_COMPILER_APPICON_NAME = AppIcon;
				ASSETCATALOG_COMPILER_GLOBAL_ACCENT_COLOR_NAME = AccentColor;
				CODE_SIGN_STYLE = Automatic;
				CURRENT_PROJECT_VERSION = 1;
				DEVELOPMENT_ASSET_PATHS = "\"flickr-code-challenge/Preview Content\"";
				ENABLE_PREVIEWS = YES;
				GENERATE_INFOPLIST_FILE = YES;
				INFOPLIST_KEY_UIApplicationSceneManifest_Generation = YES;
				INFOPLIST_KEY_UIApplicationSupportsIndirectInputEvents = YES;
				INFOPLIST_KEY_UILaunchScreen_Generation = YES;
				INFOPLIST_KEY_UISupportedInterfaceOrientations_iPad = "UIInterfaceOrientationPortrait UIInterfaceOrientationPortraitUpsideDown UIInterfaceOrientationLandscapeLeft UIInterfaceOrientationLandscapeRight";
				INFOPLIST_KEY_UISupportedInterfaceOrientations_iPhone = "UIInterfaceOrientationPortrait UIInterfaceOrientationLandscapeLeft UIInterfaceOrientationLandscapeRight";
				LD_RUNPATH_SEARCH_PATHS = (
					"$(inherited)",
					"@executable_path/Frameworks",
				);
				MARKETING_VERSION = 1.0;
				PRODUCT_BUNDLE_IDENTIFIER = "com.edu.flickr-code-challenge";
				PRODUCT_NAME = "$(TARGET_NAME)";
				SWIFT_EMIT_LOC_STRINGS = YES;
				SWIFT_VERSION = 5.0;
				TARGETED_DEVICE_FAMILY = "1,2";
			};
			name = Debug;
		};
		6B3D69A82CA2226D0022B855 /* Release */ = {
			isa = XCBuildConfiguration;
			buildSettings = {
				ASSETCATALOG_COMPILER_APPICON_NAME = AppIcon;
				ASSETCATALOG_COMPILER_GLOBAL_ACCENT_COLOR_NAME = AccentColor;
				CODE_SIGN_STYLE = Automatic;
				CURRENT_PROJECT_VERSION = 1;
				DEVELOPMENT_ASSET_PATHS = "\"flickr-code-challenge/Preview Content\"";
				ENABLE_PREVIEWS = YES;
				GENERATE_INFOPLIST_FILE = YES;
				INFOPLIST_KEY_UIApplicationSceneManifest_Generation = YES;
				INFOPLIST_KEY_UIApplicationSupportsIndirectInputEvents = YES;
				INFOPLIST_KEY_UILaunchScreen_Generation = YES;
				INFOPLIST_KEY_UISupportedInterfaceOrientations_iPad = "UIInterfaceOrientationPortrait UIInterfaceOrientationPortraitUpsideDown UIInterfaceOrientationLandscapeLeft UIInterfaceOrientationLandscapeRight";
				INFOPLIST_KEY_UISupportedInterfaceOrientations_iPhone = "UIInterfaceOrientationPortrait UIInterfaceOrientationLandscapeLeft UIInterfaceOrientationLandscapeRight";
				LD_RUNPATH_SEARCH_PATHS = (
					"$(inherited)",
					"@executable_path/Frameworks",
				);
				MARKETING_VERSION = 1.0;
				PRODUCT_BUNDLE_IDENTIFIER = "com.edu.flickr-code-challenge";
				PRODUCT_NAME = "$(TARGET_NAME)";
				SWIFT_EMIT_LOC_STRINGS = YES;
				SWIFT_VERSION = 5.0;
				TARGETED_DEVICE_FAMILY = "1,2";
			};
			name = Release;
		};
		6B3D69AA2CA2226D0022B855 /* Debug */ = {
			isa = XCBuildConfiguration;
			buildSettings = {
				BUNDLE_LOADER = "$(TEST_HOST)";
				CODE_SIGN_STYLE = Automatic;
				CURRENT_PROJECT_VERSION = 1;
				GENERATE_INFOPLIST_FILE = YES;
				IPHONEOS_DEPLOYMENT_TARGET = 18.0;
				MARKETING_VERSION = 1.0;
				PRODUCT_BUNDLE_IDENTIFIER = "com.edu.flickr-code-challengeTests";
				PRODUCT_NAME = "$(TARGET_NAME)";
				SWIFT_EMIT_LOC_STRINGS = NO;
				SWIFT_VERSION = 5.0;
				TARGETED_DEVICE_FAMILY = "1,2";
				TEST_HOST = "$(BUILT_PRODUCTS_DIR)/flickr-code-challenge.app/$(BUNDLE_EXECUTABLE_FOLDER_PATH)/flickr-code-challenge";
			};
			name = Debug;
		};
		6B3D69AB2CA2226D0022B855 /* Release */ = {
			isa = XCBuildConfiguration;
			buildSettings = {
				BUNDLE_LOADER = "$(TEST_HOST)";
				CODE_SIGN_STYLE = Automatic;
				CURRENT_PROJECT_VERSION = 1;
				GENERATE_INFOPLIST_FILE = YES;
				IPHONEOS_DEPLOYMENT_TARGET = 18.0;
				MARKETING_VERSION = 1.0;
				PRODUCT_BUNDLE_IDENTIFIER = "com.edu.flickr-code-challengeTests";
				PRODUCT_NAME = "$(TARGET_NAME)";
				SWIFT_EMIT_LOC_STRINGS = NO;
				SWIFT_VERSION = 5.0;
				TARGETED_DEVICE_FAMILY = "1,2";
				TEST_HOST = "$(BUILT_PRODUCTS_DIR)/flickr-code-challenge.app/$(BUNDLE_EXECUTABLE_FOLDER_PATH)/flickr-code-challenge";
			};
			name = Release;
		};
		6B3D69AD2CA2226D0022B855 /* Debug */ = {
			isa = XCBuildConfiguration;
			buildSettings = {
				CODE_SIGN_STYLE = Automatic;
				CURRENT_PROJECT_VERSION = 1;
				GENERATE_INFOPLIST_FILE = YES;
				MARKETING_VERSION = 1.0;
				PRODUCT_BUNDLE_IDENTIFIER = "com.edu.flickr-code-challengeUITests";
				PRODUCT_NAME = "$(TARGET_NAME)";
				SWIFT_EMIT_LOC_STRINGS = NO;
				SWIFT_VERSION = 5.0;
				TARGETED_DEVICE_FAMILY = "1,2";
				TEST_TARGET_NAME = "flickr-code-challenge";
			};
			name = Debug;
		};
		6B3D69AE2CA2226D0022B855 /* Release */ = {
			isa = XCBuildConfiguration;
			buildSettings = {
				CODE_SIGN_STYLE = Automatic;
				CURRENT_PROJECT_VERSION = 1;
				GENERATE_INFOPLIST_FILE = YES;
				MARKETING_VERSION = 1.0;
				PRODUCT_BUNDLE_IDENTIFIER = "com.edu.flickr-code-challengeUITests";
				PRODUCT_NAME = "$(TARGET_NAME)";
				SWIFT_EMIT_LOC_STRINGS = NO;
				SWIFT_VERSION = 5.0;
				TARGETED_DEVICE_FAMILY = "1,2";
				TEST_TARGET_NAME = "flickr-code-challenge";
			};
			name = Release;
		};
/* End XCBuildConfiguration section */

/* Begin XCConfigurationList section */
		6B3D697D2CA2226B0022B855 /* Build configuration list for PBXProject "flickr-code-challenge" */ = {
			isa = XCConfigurationList;
			buildConfigurations = (
				6B3D69A42CA2226D0022B855 /* Debug */,
				6B3D69A52CA2226D0022B855 /* Release */,
			);
			defaultConfigurationIsVisible = 0;
			defaultConfigurationName = Release;
		};
		6B3D69A62CA2226D0022B855 /* Build configuration list for PBXNativeTarget "flickr-code-challenge" */ = {
			isa = XCConfigurationList;
			buildConfigurations = (
				6B3D69A72CA2226D0022B855 /* Debug */,
				6B3D69A82CA2226D0022B855 /* Release */,
			);
			defaultConfigurationIsVisible = 0;
			defaultConfigurationName = Release;
		};
		6B3D69A92CA2226D0022B855 /* Build configuration list for PBXNativeTarget "flickr-code-challengeTests" */ = {
			isa = XCConfigurationList;
			buildConfigurations = (
				6B3D69AA2CA2226D0022B855 /* Debug */,
				6B3D69AB2CA2226D0022B855 /* Release */,
			);
			defaultConfigurationIsVisible = 0;
			defaultConfigurationName = Release;
		};
		6B3D69AC2CA2226D0022B855 /* Build configuration list for PBXNativeTarget "flickr-code-challengeUITests" */ = {
			isa = XCConfigurationList;
			buildConfigurations = (
				6B3D69AD2CA2226D0022B855 /* Debug */,
				6B3D69AE2CA2226D0022B855 /* Release */,
			);
			defaultConfigurationIsVisible = 0;
			defaultConfigurationName = Release;
		};
/* End XCConfigurationList section */
	};
	rootObject = 6B3D697A2CA2226B0022B855 /* Project object */;
}
